
Microsoft Visual Studio Solution File, Format Version 12.00
# Visual Studio Version 17
VisualStudioVersion = 17.13.35818.85 d17.13
MinimumVisualStudioVersion = 10.0.40219.1
Project("{FAE04EC0-301F-11D3-BF4B-00C04F79EFBC}") = "FirstDemo", "FirstDemo\FirstDemo.csproj", "{4C62E45D-07A2-457F-87E3-7C8679EF6EF8}"
EndProject
Global
	GlobalSection(SolutionConfigurationPlatforms) = preSolution
		Debug|Any CPU = Debug|Any CPU
		Release|Any CPU = Release|Any CPU
	EndGlobalSection
	GlobalSection(ProjectConfigurationPlatforms) = postSolution
		{4C62E45D-07A2-457F-87E3-7C8679EF6EF8}.Debug|Any CPU.ActiveCfg = Debug|Any CPU
		{4C62E45D-07A2-457F-87E3-7C8679EF6EF8}.Debug|Any CPU.Build.0 = Debug|Any CPU
		{4C62E45D-07A2-457F-87E3-7C8679EF6EF8}.Release|Any CPU.ActiveCfg = Release|Any CPU
		{4C62E45D-07A2-457F-87E3-7C8679EF6EF8}.Release|Any CPU.Build.0 = Release|Any CPU
	EndGlobalSection
	GlobalSection(SolutionProperties) = preSolution
		HideSolutionNode = FALSE
	EndGlobalSection
	GlobalSection(ExtensibilityGlobals) = postSolution
		SolutionGuid = {7970FC19-6519-45EB-B6D9-D5E334964C75}
	EndGlobalSection
EndGlobal
